// !$*UTF8*$!
{
	archiveVersion = 1;
	classes = {
	};
	objectVersion = 46;
	objects = {

/* Begin PBXBuildFile section */
		3043C9AA1F0F4592006CC4E5 /* AppDelegate.swift in Sources */ = {isa = PBXBuildFile; fileRef = 3043C9A91F0F4592006CC4E5 /* AppDelegate.swift */; };
		3043C9AC1F0F4592006CC4E5 /* ViewController.swift in Sources */ = {isa = PBXBuildFile; fileRef = 3043C9AB1F0F4592006CC4E5 /* ViewController.swift */; };
		3043C9AF1F0F4592006CC4E5 /* Main.storyboard in Resources */ = {isa = PBXBuildFile; fileRef = 3043C9AD1F0F4592006CC4E5 /* Main.storyboard */; };
		3043C9B11F0F4592006CC4E5 /* Assets.xcassets in Resources */ = {isa = PBXBuildFile; fileRef = 3043C9B01F0F4592006CC4E5 /* Assets.xcassets */; };
		3043C9B41F0F4592006CC4E5 /* LaunchScreen.storyboard in Resources */ = {isa = PBXBuildFile; fileRef = 3043C9B21F0F4592006CC4E5 /* LaunchScreen.storyboard */; };
		3043C9BF1F0F4592006CC4E5 /* chartTests.swift in Sources */ = {isa = PBXBuildFile; fileRef = 3043C9BE1F0F4592006CC4E5 /* chartTests.swift */; };
		3043C9CA1F0F4592006CC4E5 /* chartUITests.swift in Sources */ = {isa = PBXBuildFile; fileRef = 3043C9C91F0F4592006CC4E5 /* chartUITests.swift */; };
/* End PBXBuildFile section */

/* Begin PBXContainerItemProxy section */
		3043C9BB1F0F4592006CC4E5 /* PBXContainerItemProxy */ = {
			isa = PBXContainerItemProxy;
			containerPortal = 3043C99E1F0F4591006CC4E5 /* Project object */;
			proxyType = 1;
			remoteGlobalIDString = 3043C9A51F0F4591006CC4E5;
			remoteInfo = chart;
		};
		3043C9C61F0F4592006CC4E5 /* PBXContainerItemProxy */ = {
			isa = PBXContainerItemProxy;
			containerPortal = 3043C99E1F0F4591006CC4E5 /* Project object */;
			proxyType = 1;
			remoteGlobalIDString = 3043C9A51F0F4591006CC4E5;
			remoteInfo = chart;
		};
/* End PBXContainerItemProxy section */

/* Begin PBXFileReference section */
		3043C9A61F0F4591006CC4E5 /* chart.app */ = {isa = PBXFileReference; explicitFileType = wrapper.application; includeInIndex = 0; path = chart.app; sourceTree = BUILT_PRODUCTS_DIR; };
		3043C9A91F0F4592006CC4E5 /* AppDelegate.swift */ = {isa = PBXFileReference; lastKnownFileType = sourcecode.swift; path = AppDelegate.swift; sourceTree = "<group>"; };
		3043C9AB1F0F4592006CC4E5 /* ViewController.swift */ = {isa = PBXFileReference; lastKnownFileType = sourcecode.swift; path = ViewController.swift; sourceTree = "<group>"; };
		3043C9AE1F0F4592006CC4E5 /* Base */ = {isa = PBXFileReference; lastKnownFileType = file.storyboard; name = Base; path = Base.lproj/Main.storyboard; sourceTree = "<group>"; };
		3043C9B01F0F4592006CC4E5 /* Assets.xcassets */ = {isa = PBXFileReference; lastKnownFileType = folder.assetcatalog; path = Assets.xcassets; sourceTree = "<group>"; };
		3043C9B31F0F4592006CC4E5 /* Base */ = {isa = PBXFileReference; lastKnownFileType = file.storyboard; name = Base; path = Base.lproj/LaunchScreen.storyboard; sourceTree = "<group>"; };
		3043C9B51F0F4592006CC4E5 /* Info.plist */ = {isa = PBXFileReference; lastKnownFileType = text.plist.xml; path = Info.plist; sourceTree = "<group>"; };
		3043C9BA1F0F4592006CC4E5 /* chartTests.xctest */ = {isa = PBXFileReference; explicitFileType = wrapper.cfbundle; includeInIndex = 0; path = chartTests.xctest; sourceTree = BUILT_PRODUCTS_DIR; };
		3043C9BE1F0F4592006CC4E5 /* chartTests.swift */ = {isa = PBXFileReference; lastKnownFileType = sourcecode.swift; path = chartTests.swift; sourceTree = "<group>"; };
		3043C9C01F0F4592006CC4E5 /* Info.plist */ = {isa = PBXFileReference; lastKnownFileType = text.plist.xml; path = Info.plist; sourceTree = "<group>"; };
		3043C9C51F0F4592006CC4E5 /* chartUITests.xctest */ = {isa = PBXFileReference; explicitFileType = wrapper.cfbundle; includeInIndex = 0; path = chartUITests.xctest; sourceTree = BUILT_PRODUCTS_DIR; };
		3043C9C91F0F4592006CC4E5 /* chartUITests.swift */ = {isa = PBXFileReference; lastKnownFileType = sourcecode.swift; path = chartUITests.swift; sourceTree = "<group>"; };
		3043C9CB1F0F4592006CC4E5 /* Info.plist */ = {isa = PBXFileReference; lastKnownFileType = text.plist.xml; path = Info.plist; sourceTree = "<group>"; };
/* End PBXFileReference section */

/* Begin PBXFrameworksBuildPhase section */
		3043C9A31F0F4591006CC4E5 /* Frameworks */ = {
			isa = PBXFrameworksBuildPhase;
			buildActionMask = 2147483647;
			files = (
			);
			runOnlyForDeploymentPostprocessing = 0;
		};
		3043C9B71F0F4592006CC4E5 /* Frameworks */ = {
			isa = PBXFrameworksBuildPhase;
			buildActionMask = 2147483647;
			files = (
			);
			runOnlyForDeploymentPostprocessing = 0;
		};
		3043C9C21F0F4592006CC4E5 /* Frameworks */ = {
			isa = PBXFrameworksBuildPhase;
			buildActionMask = 2147483647;
			files = (
			);
			runOnlyForDeploymentPostprocessing = 0;
		};
/* End PBXFrameworksBuildPhase section */

/* Begin PBXGroup section */
		3043C99D1F0F4591006CC4E5 = {
			isa = PBXGroup;
			children = (
				3043C9A81F0F4591006CC4E5 /* chart */,
				3043C9BD1F0F4592006CC4E5 /* chartTests */,
				3043C9C81F0F4592006CC4E5 /* chartUITests */,
				3043C9A71F0F4591006CC4E5 /* Products */,
			);
			sourceTree = "<group>";
		};
		3043C9A71F0F4591006CC4E5 /* Products */ = {
			isa = PBXGroup;
			children = (
				3043C9A61F0F4591006CC4E5 /* chart.app */,
				3043C9BA1F0F4592006CC4E5 /* chartTests.xctest */,
				3043C9C51F0F4592006CC4E5 /* chartUITests.xctest */,
			);
			name = Products;
			sourceTree = "<group>";
		};
		3043C9A81F0F4591006CC4E5 /* chart */ = {
			isa = PBXGroup;
			children = (
				3043C9A91F0F4592006CC4E5 /* AppDelegate.swift */,
				3043C9AB1F0F4592006CC4E5 /* ViewController.swift */,
				3043C9AD1F0F4592006CC4E5 /* Main.storyboard */,
				3043C9B01F0F4592006CC4E5 /* Assets.xcassets */,
				3043C9B21F0F4592006CC4E5 /* LaunchScreen.storyboard */,
				3043C9B51F0F4592006CC4E5 /* Info.plist */,
			);
			path = chart;
			sourceTree = "<group>";
		};
		3043C9BD1F0F4592006CC4E5 /* chartTests */ = {
			isa = PBXGroup;
			children = (
				3043C9BE1F0F4592006CC4E5 /* chartTests.swift */,
				3043C9C01F0F4592006CC4E5 /* Info.plist */,
			);
			path = chartTests;
			sourceTree = "<group>";
		};
		3043C9C81F0F4592006CC4E5 /* chartUITests */ = {
			isa = PBXGroup;
			children = (
				3043C9C91F0F4592006CC4E5 /* chartUITests.swift */,
				3043C9CB1F0F4592006CC4E5 /* Info.plist */,
			);
			path = chartUITests;
			sourceTree = "<group>";
		};
/* End PBXGroup section */

/* Begin PBXNativeTarget section */
		3043C9A51F0F4591006CC4E5 /* chart */ = {
			isa = PBXNativeTarget;
			buildConfigurationList = 3043C9CE1F0F4592006CC4E5 /* Build configuration list for PBXNativeTarget "chart" */;
			buildPhases = (
				3043C9A21F0F4591006CC4E5 /* Sources */,
				3043C9A31F0F4591006CC4E5 /* Frameworks */,
				3043C9A41F0F4591006CC4E5 /* Resources */,
			);
			buildRules = (
			);
			dependencies = (
			);
			name = chart;
			productName = chart;
			productReference = 3043C9A61F0F4591006CC4E5 /* chart.app */;
			productType = "com.apple.product-type.application";
		};
		3043C9B91F0F4592006CC4E5 /* chartTests */ = {
			isa = PBXNativeTarget;
			buildConfigurationList = 3043C9D11F0F4592006CC4E5 /* Build configuration list for PBXNativeTarget "chartTests" */;
			buildPhases = (
				3043C9B61F0F4592006CC4E5 /* Sources */,
				3043C9B71F0F4592006CC4E5 /* Frameworks */,
				3043C9B81F0F4592006CC4E5 /* Resources */,
			);
			buildRules = (
			);
			dependencies = (
				3043C9BC1F0F4592006CC4E5 /* PBXTargetDependency */,
			);
			name = chartTests;
			productName = chartTests;
			productReference = 3043C9BA1F0F4592006CC4E5 /* chartTests.xctest */;
			productType = "com.apple.product-type.bundle.unit-test";
		};
		3043C9C41F0F4592006CC4E5 /* chartUITests */ = {
			isa = PBXNativeTarget;
			buildConfigurationList = 3043C9D41F0F4592006CC4E5 /* Build configuration list for PBXNativeTarget "chartUITests" */;
			buildPhases = (
				3043C9C11F0F4592006CC4E5 /* Sources */,
				3043C9C21F0F4592006CC4E5 /* Frameworks */,
				3043C9C31F0F4592006CC4E5 /* Resources */,
			);
			buildRules = (
			);
			dependencies = (
				3043C9C71F0F4592006CC4E5 /* PBXTargetDependency */,
			);
			name = chartUITests;
			productName = chartUITests;
			productReference = 3043C9C51F0F4592006CC4E5 /* chartUITests.xctest */;
			productType = "com.apple.product-type.bundle.ui-testing";
		};
/* End PBXNativeTarget section */

/* Begin PBXProject section */
		3043C99E1F0F4591006CC4E5 /* Project object */ = {
			isa = PBXProject;
			attributes = {
				LastSwiftUpdateCheck = 0830;
				LastUpgradeCheck = 0830;
				ORGANIZATIONNAME = Tester;
				TargetAttributes = {
					3043C9A51F0F4591006CC4E5 = {
						CreatedOnToolsVersion = 8.3.3;
						ProvisioningStyle = Automatic;
					};
					3043C9B91F0F4592006CC4E5 = {
						CreatedOnToolsVersion = 8.3.3;
						ProvisioningStyle = Automatic;
						TestTargetID = 3043C9A51F0F4591006CC4E5;
					};
					3043C9C41F0F4592006CC4E5 = {
						CreatedOnToolsVersion = 8.3.3;
						ProvisioningStyle = Automatic;
						TestTargetID = 3043C9A51F0F4591006CC4E5;
					};
				};
			};
			buildConfigurationList = 3043C9A11F0F4591006CC4E5 /* Build configuration list for PBXProject "chart" */;
			compatibilityVersion = "Xcode 3.2";
			developmentRegion = English;
			hasScannedForEncodings = 0;
			knownRegions = (
				en,
				Base,
			);
			mainGroup = 3043C99D1F0F4591006CC4E5;
			productRefGroup = 3043C9A71F0F4591006CC4E5 /* Products */;
			projectDirPath = "";
			projectRoot = "";
			targets = (
				3043C9A51F0F4591006CC4E5 /* chart */,
				3043C9B91F0F4592006CC4E5 /* chartTests */,
				3043C9C41F0F4592006CC4E5 /* chartUITests */,
			);
		};
/* End PBXProject section */

/* Begin PBXResourcesBuildPhase section */
		3043C9A41F0F4591006CC4E5 /* Resources */ = {
			isa = PBXResourcesBuildPhase;
			buildActionMask = 2147483647;
			files = (
				3043C9B41F0F4592006CC4E5 /* LaunchScreen.storyboard in Resources */,
				3043C9B11F0F4592006CC4E5 /* Assets.xcassets in Resources */,
				3043C9AF1F0F4592006CC4E5 /* Main.storyboard in Resources */,
			);
			runOnlyForDeploymentPostprocessing = 0;
		};
		3043C9B81F0F4592006CC4E5 /* Resources */ = {
			isa = PBXResourcesBuildPhase;
			buildActionMask = 2147483647;
			files = (
			);
			runOnlyForDeploymentPostprocessing = 0;
		};
		3043C9C31F0F4592006CC4E5 /* Resources */ = {
			isa = PBXResourcesBuildPhase;
			buildActionMask = 2147483647;
			files = (
			);
			runOnlyForDeploymentPostprocessing = 0;
		};
/* End PBXResourcesBuildPhase section */

/* Begin PBXSourcesBuildPhase section */
		3043C9A21F0F4591006CC4E5 /* Sources */ = {
			isa = PBXSourcesBuildPhase;
			buildActionMask = 2147483647;
			files = (
				3043C9AC1F0F4592006CC4E5 /* ViewController.swift in Sources */,
				3043C9AA1F0F4592006CC4E5 /* AppDelegate.swift in Sources */,
			);
			runOnlyForDeploymentPostprocessing = 0;
		};
		3043C9B61F0F4592006CC4E5 /* Sources */ = {
			isa = PBXSourcesBuildPhase;
			buildActionMask = 2147483647;
			files = (
				3043C9BF1F0F4592006CC4E5 /* chartTests.swift in Sources */,
			);
			runOnlyForDeploymentPostprocessing = 0;
		};
		3043C9C11F0F4592006CC4E5 /* Sources */ = {
			isa = PBXSourcesBuildPhase;
			buildActionMask = 2147483647;
			files = (
				3043C9CA1F0F4592006CC4E5 /* chartUITests.swift in Sources */,
			);
			runOnlyForDeploymentPostprocessing = 0;
		};
/* End PBXSourcesBuildPhase section */

/* Begin PBXTargetDependency section */
		3043C9BC1F0F4592006CC4E5 /* PBXTargetDependency */ = {
			isa = PBXTargetDependency;
			target = 3043C9A51F0F4591006CC4E5 /* chart */;
			targetProxy = 3043C9BB1F0F4592006CC4E5 /* PBXContainerItemProxy */;
		};
		3043C9C71F0F4592006CC4E5 /* PBXTargetDependency */ = {
			isa = PBXTargetDependency;
			target = 3043C9A51F0F4591006CC4E5 /* chart */;
			targetProxy = 3043C9C61F0F4592006CC4E5 /* PBXContainerItemProxy */;
		};
/* End PBXTargetDependency section */

/* Begin PBXVariantGroup section */
		3043C9AD1F0F4592006CC4E5 /* Main.storyboard */ = {
			isa = PBXVariantGroup;
			children = (
				3043C9AE1F0F4592006CC4E5 /* Base */,
			);
			name = Main.storyboard;
			sourceTree = "<group>";
		};
		3043C9B21F0F4592006CC4E5 /* LaunchScreen.storyboard */ = {
			isa = PBXVariantGroup;
			children = (
				3043C9B31F0F4592006CC4E5 /* Base */,
			);
			name = LaunchScreen.storyboard;
			sourceTree = "<group>";
		};
/* End PBXVariantGroup section */

/* Begin XCBuildConfiguration section */
		3043C9CC1F0F4592006CC4E5 /* Debug */ = {
			isa = XCBuildConfiguration;
			buildSettings = {
				ALWAYS_SEARCH_USER_PATHS = NO;
				CLANG_ANALYZER_NONNULL = YES;
				CLANG_ANALYZER_NUMBER_OBJECT_CONVERSION = YES_AGGRESSIVE;
				CLANG_CXX_LANGUAGE_STANDARD = "gnu++0x";
				CLANG_CXX_LIBRARY = "libc++";
				CLANG_ENABLE_MODULES = YES;
				CLANG_ENABLE_OBJC_ARC = YES;
				CLANG_WARN_BOOL_CONVERSION = YES;
				CLANG_WARN_CONSTANT_CONVERSION = YES;
				CLANG_WARN_DIRECT_OBJC_ISA_USAGE = YES_ERROR;
				CLANG_WARN_DOCUMENTATION_COMMENTS = YES;
				CLANG_WARN_EMPTY_BODY = YES;
				CLANG_WARN_ENUM_CONVERSION = YES;
				CLANG_WARN_INFINITE_RECURSION = YES;
				CLANG_WARN_INT_CONVERSION = YES;
				CLANG_WARN_OBJC_ROOT_CLASS = YES_ERROR;
				CLANG_WARN_SUSPICIOUS_MOVE = YES;
				CLANG_WARN_UNREACHABLE_CODE = YES;
				CLANG_WARN__DUPLICATE_METHOD_MATCH = YES;
				"CODE_SIGN_IDENTITY[sdk=iphoneos*]" = "iPhone Developer";
				COPY_PHASE_STRIP = NO;
				DEBUG_INFORMATION_FORMAT = dwarf;
				ENABLE_STRICT_OBJC_MSGSEND = YES;
				ENABLE_TESTABILITY = YES;
				GCC_C_LANGUAGE_STANDARD = gnu99;
				GCC_DYNAMIC_NO_PIC = NO;
				GCC_NO_COMMON_BLOCKS = YES;
				GCC_OPTIMIZATION_LEVEL = 0;
				GCC_PREPROCESSOR_DEFINITIONS = (
					"DEBUG=1",
					"$(inherited)",
				);
				GCC_WARN_64_TO_32_BIT_CONVERSION = YES;
				GCC_WARN_ABOUT_RETURN_TYPE = YES_ERROR;
				GCC_WARN_UNDECLARED_SELECTOR = YES;
				GCC_WARN_UNINITIALIZED_AUTOS = YES_AGGRESSIVE;
				GCC_WARN_UNUSED_FUNCTION = YES;
				GCC_WARN_UNUSED_VARIABLE = YES;
				IPHONEOS_DEPLOYMENT_TARGET = 10.3;
				MTL_ENABLE_DEBUG_INFO = YES;
				ONLY_ACTIVE_ARCH = YES;
				SDKROOT = iphoneos;
				SWIFT_ACTIVE_COMPILATION_CONDITIONS = DEBUG;
				SWIFT_OPTIMIZATION_LEVEL = "-Onone";
				TARGETED_DEVICE_FAMILY = "1,2";
			};
			name = Debug;
		};
		3043C9CD1F0F4592006CC4E5 /* Release */ = {
			isa = XCBuildConfiguration;
			buildSettings = {
				ALWAYS_SEARCH_USER_PATHS = NO;
				CLANG_ANALYZER_NONNULL = YES;
				CLANG_ANALYZER_NUMBER_OBJECT_CONVERSION = YES_AGGRESSIVE;
				CLANG_CXX_LANGUAGE_STANDARD = "gnu++0x";
				CLANG_CXX_LIBRARY = "libc++";
				CLANG_ENABLE_MODULES = YES;
				CLANG_ENABLE_OBJC_ARC = YES;
				CLANG_WARN_BOOL_CONVERSION = YES;
				CLANG_WARN_CONSTANT_CONVERSION = YES;
				CLANG_WARN_DIRECT_OBJC_ISA_USAGE = YES_ERROR;
				CLANG_WARN_DOCUMENTATION_COMMENTS = YES;
				CLANG_WARN_EMPTY_BODY = YES;
				CLANG_WARN_ENUM_CONVERSION = YES;
				CLANG_WARN_INFINITE_RECURSION = YES;
				CLANG_WARN_INT_CONVERSION = YES;
				CLANG_WARN_OBJC_ROOT_CLASS = YES_ERROR;
				CLANG_WARN_SUSPICIOUS_MOVE = YES;
				CLANG_WARN_UNREACHABLE_CODE = YES;
				CLANG_WARN__DUPLICATE_METHOD_MATCH = YES;
				"CODE_SIGN_IDENTITY[sdk=iphoneos*]" = "iPhone Developer";
				COPY_PHASE_STRIP = NO;
				DEBUG_INFORMATION_FORMAT = "dwarf-with-dsym";
				ENABLE_NS_ASSERTIONS = NO;
				ENABLE_STRICT_OBJC_MSGSEND = YES;
				GCC_C_LANGUAGE_STANDARD = gnu99;
				GCC_NO_COMMON_BLOCKS = YES;
				GCC_WARN_64_TO_32_BIT_CONVERSION = YES;
				GCC_WARN_ABOUT_RETURN_TYPE = YES_ERROR;
				GCC_WARN_UNDECLARED_SELECTOR = YES;
				GCC_WARN_UNINITIALIZED_AUTOS = YES_AGGRESSIVE;
				GCC_WARN_UNUSED_FUNCTION = YES;
				GCC_WARN_UNUSED_VARIABLE = YES;
				IPHONEOS_DEPLOYMENT_TARGET = 10.3;
				MTL_ENABLE_DEBUG_INFO = NO;
				SDKROOT = iphoneos;
				SWIFT_OPTIMIZATION_LEVEL = "-Owholemodule";
				TARGETED_DEVICE_FAMILY = "1,2";
				VALIDATE_PRODUCT = YES;
			};
			name = Release;
		};
		3043C9CF1F0F4592006CC4E5 /* Debug */ = {
			isa = XCBuildConfiguration;
			buildSettings = {
				ASSETCATALOG_COMPILER_APPICON_NAME = AppIcon;
				INFOPLIST_FILE = chart/Info.plist;
				LD_RUNPATH_SEARCH_PATHS = "$(inherited) @executable_path/Frameworks";
				PRODUCT_BUNDLE_IDENTIFIER = elise.chart;
				PRODUCT_NAME = "$(TARGET_NAME)";
				SWIFT_VERSION = 3.0;
			};
			name = Debug;
		};
		3043C9D01F0F4592006CC4E5 /* Release */ = {
			isa = XCBuildConfiguration;
			buildSettings = {
				ASSETCATALOG_COMPILER_APPICON_NAME = AppIcon;
				INFOPLIST_FILE = chart/Info.plist;
				LD_RUNPATH_SEARCH_PATHS = "$(inherited) @executable_path/Frameworks";
				PRODUCT_BUNDLE_IDENTIFIER = elise.chart;
				PRODUCT_NAME = "$(TARGET_NAME)";
				SWIFT_VERSION = 3.0;
			};
			name = Release;
		};
		3043C9D21F0F4592006CC4E5 /* Debug */ = {
			isa = XCBuildConfiguration;
			buildSettings = {
				ALWAYS_EMBED_SWIFT_STANDARD_LIBRARIES = YES;
				BUNDLE_LOADER = "$(TEST_HOST)";
				INFOPLIST_FILE = chartTests/Info.plist;
				LD_RUNPATH_SEARCH_PATHS = "$(inherited) @executable_path/Frameworks @loader_path/Frameworks";
				PRODUCT_BUNDLE_IDENTIFIER = elise.chartTests;
				PRODUCT_NAME = "$(TARGET_NAME)";
				SWIFT_VERSION = 3.0;
				TEST_HOST = "$(BUILT_PRODUCTS_DIR)/chart.app/chart";
			};
			name = Debug;
		};
		3043C9D31F0F4592006CC4E5 /* Release */ = {
			isa = XCBuildConfiguration;
			buildSettings = {
				ALWAYS_EMBED_SWIFT_STANDARD_LIBRARIES = YES;
				BUNDLE_LOADER = "$(TEST_HOST)";
				INFOPLIST_FILE = chartTests/Info.plist;
				LD_RUNPATH_SEARCH_PATHS = "$(inherited) @executable_path/Frameworks @loader_path/Frameworks";
				PRODUCT_BUNDLE_IDENTIFIER = elise.chartTests;
				PRODUCT_NAME = "$(TARGET_NAME)";
				SWIFT_VERSION = 3.0;
				TEST_HOST = "$(BUILT_PRODUCTS_DIR)/chart.app/chart";
			};
			name = Release;
		};
		3043C9D51F0F4592006CC4E5 /* Debug */ = {
			isa = XCBuildConfiguration;
			buildSettings = {
				ALWAYS_EMBED_SWIFT_STANDARD_LIBRARIES = YES;
				INFOPLIST_FILE = chartUITests/Info.plist;
				LD_RUNPATH_SEARCH_PATHS = "$(inherited) @executable_path/Frameworks @loader_path/Frameworks";
				PRODUCT_BUNDLE_IDENTIFIER = elise.chartUITests;
				PRODUCT_NAME = "$(TARGET_NAME)";
				SWIFT_VERSION = 3.0;
				TEST_TARGET_NAME = chart;
			};
			name = Debug;
		};
		3043C9D61F0F4592006CC4E5 /* Release */ = {
			isa = XCBuildConfiguration;
			buildSettings = {
				ALWAYS_EMBED_SWIFT_STANDARD_LIBRARIES = YES;
				INFOPLIST_FILE = chartUITests/Info.plist;
				LD_RUNPATH_SEARCH_PATHS = "$(inherited) @executable_path/Frameworks @loader_path/Frameworks";
				PRODUCT_BUNDLE_IDENTIFIER = elise.chartUITests;
				PRODUCT_NAME = "$(TARGET_NAME)";
				SWIFT_VERSION = 3.0;
				TEST_TARGET_NAME = chart;
			};
			name = Release;
		};
/* End XCBuildConfiguration section */

/* Begin XCConfigurationList section */
		3043C9A11F0F4591006CC4E5 /* Build configuration list for PBXProject "chart" */ = {
			isa = XCConfigurationList;
			buildConfigurations = (
				3043C9CC1F0F4592006CC4E5 /* Debug */,
				3043C9CD1F0F4592006CC4E5 /* Release */,
			);
			defaultConfigurationIsVisible = 0;
			defaultConfigurationName = Release;
		};
		3043C9CE1F0F4592006CC4E5 /* Build configuration list for PBXNativeTarget "chart" */ = {
			isa = XCConfigurationList;
			buildConfigurations = (
				3043C9CF1F0F4592006CC4E5 /* Debug */,
				3043C9D01F0F4592006CC4E5 /* Release */,
			);
			defaultConfigurationIsVisible = 0;
		};
		3043C9D11F0F4592006CC4E5 /* Build configuration list for PBXNativeTarget "chartTests" */ = {
			isa = XCConfigurationList;
			buildConfigurations = (
				3043C9D21F0F4592006CC4E5 /* Debug */,
				3043C9D31F0F4592006CC4E5 /* Release */,
			);
			defaultConfigurationIsVisible = 0;
		};
		3043C9D41F0F4592006CC4E5 /* Build configuration list for PBXNativeTarget "chartUITests" */ = {
			isa = XCConfigurationList;
			buildConfigurations = (
				3043C9D51F0F4592006CC4E5 /* Debug */,
				3043C9D61F0F4592006CC4E5 /* Release */,
			);
			defaultConfigurationIsVisible = 0;
		};
/* End XCConfigurationList section */
	};
	rootObject = 3043C99E1F0F4591006CC4E5 /* Project object */;
}
